
Microsoft Visual Studio Solution File, Format Version 12.00
# Visual Studio Version 16
VisualStudioVersion = 16.0.30907.101
MinimumVisualStudioVersion = 10.0.40219.1
Project("{FAE04EC0-301F-11D3-BF4B-00C04F79EFBC}") = "Labyrinth", "Labyrinth.csproj", "{594EDB5D-42CA-4347-AEE5-3F59C5795E77}"
EndProject
Global
	GlobalSection(SolutionConfigurationPlatforms) = preSolution
		Debug|Any CPU = Debug|Any CPU
		Release|Any CPU = Release|Any CPU
	EndGlobalSection
	GlobalSection(ProjectConfigurationPlatforms) = postSolution
		{594EDB5D-42CA-4347-AEE5-3F59C5795E77}.Debug|Any CPU.ActiveCfg = Debug|Any CPU
		{594EDB5D-42CA-4347-AEE5-3F59C5795E77}.Debug|Any CPU.Build.0 = Debug|Any CPU
		{594EDB5D-42CA-4347-AEE5-3F59C5795E77}.Release|Any CPU.ActiveCfg = Release|Any CPU
		{594EDB5D-42CA-4347-AEE5-3F59C5795E77}.Release|Any CPU.Build.0 = Release|Any CPU
	EndGlobalSection
	GlobalSection(SolutionProperties) = preSolution
		HideSolutionNode = FALSE
	EndGlobalSection
	GlobalSection(ExtensibilityGlobals) = postSolution
		SolutionGuid = {F853F579-9958-40F6-B39F-F8D1F98BBEAC}
	EndGlobalSection
EndGlobal
